PODS:
  - AFNetworking (3.2.1):
    - AFNetworking/NSURLSession (= 3.2.1)
    - AFNetworking/Reachability (= 3.2.1)
    - AFNetworking/Security (= 3.2.1)
    - AFNetworking/Serialization (= 3.2.1)
    - AFNetworking/UIKit (= 3.2.1)
  - AFNetworking/NSURLSession (3.2.1):
    - AFNetworking/Reachability
    - AFNetworking/Security
    - AFNetworking/Serialization
  - AFNetworking/Reachability (3.2.1)
  - AFNetworking/Security (3.2.1)
  - AFNetworking/Serialization (3.2.1)
  - AFNetworking/UIKit (3.2.1):
    - AFNetworking/NSURLSession
  - MCPMicoupImagePicker (0.1.0):
    - AFNetworking
    - MRProgress
    - NSString-UrlEncode
    - NYXImagesKit
    - POSInputStreamLibrary
    - React/Core
    - SDWebImage
    - Toast
    - "UIAlertController+Blocks"
    - "UIButton+BackgroundColor"
    - "UIColor+Hex"
  - MRProgress (0.8.3):
    - MRProgress/ActivityIndicator (= 0.8.3)
    - MRProgress/Blur (= 0.8.3)
    - MRProgress/Circular (= 0.8.3)
    - MRProgress/Icons (= 0.8.3)
    - MRProgress/NavigationBarProgress (= 0.8.3)
    - MRProgress/Overlay (= 0.8.3)
  - MRProgress/ActivityIndicator (0.8.3):
    - MRProgress/Stopable
  - MRProgress/Blur (0.8.3):
    - MRProgress/Helper
  - MRProgress/Circular (0.8.3):
    - MRProgress/Helper
    - MRProgress/ProgressBaseClass
    - MRProgress/Stopable
  - MRProgress/Helper (0.8.3)
  - MRProgress/Icons (0.8.3)
  - MRProgress/NavigationBarProgress (0.8.3):
    - MRProgress/ProgressBaseClass
  - MRProgress/Overlay (0.8.3):
    - MRProgress/ActivityIndicator
    - MRProgress/Blur
    - MRProgress/Circular
    - MRProgress/Helper
    - MRProgress/Icons
  - MRProgress/ProgressBaseClass (0.8.3)
  - MRProgress/Stopable (0.8.3):
    - MRProgress/Helper
  - NSString-UrlEncode (2.1.0)
  - NYXImagesKit (2.3)
  - POSInputStreamLibrary (2.3.5)
  - React/Core (0.11.0)
  - SDWebImage (5.0.6):
    - SDWebImage/Core (= 5.0.6)
  - SDWebImage/Core (5.0.6)
  - Toast (4.0.0)
  - "UIAlertController+Blocks (0.9.2)"
  - "UIButton+BackgroundColor (0.1)"
  - "UIColor+Hex (1.0.1)":
    - "UIColor+Hex/NSColor (= 1.0.1)"
    - "UIColor+Hex/UIColor (= 1.0.1)"
  - "UIColor+Hex/UIColor (1.0.1)"

DEPENDENCIES:
  - MCPMicoupImagePicker (from `../`)

SPEC REPOS:
  https://github.com/cocoapods/specs.git:
    - AFNetworking
    - MRProgress
    - NSString-UrlEncode
    - NYXImagesKit
    - POSInputStreamLibrary
    - React
    - SDWebImage
    - Toast
    - "UIAlertController+Blocks"
    - "UIButton+BackgroundColor"
    - "UIColor+Hex"

EXTERNAL SOURCES:
  MCPMicoupImagePicker:
    :path: "../"

SPEC CHECKSUMS:
  AFNetworking: b6f891fdfaed196b46c7a83cf209e09697b94057
  MCPMicoupImagePicker: eef4d018930b5e74ccf30102f0d759bc2afd3330
  MRProgress: 16de7cc9f347e8846797a770db102a323fe7ef09
  NSString-UrlEncode: 92dcb01cac33ef036cda76baf0e4378b18779e47
  NYXImagesKit: 8163e3335a40eaa173ca5bbbf81fafb57d3947eb
  POSInputStreamLibrary: fb9a671bb639c42f3f446f6ab0133164a4c273b8
  React: ab1a2e21deb34965c38328d5ec40cc7d12c6050a
  SDWebImage: 920f1a2ff1ca8296ad34f6e0510a1ef1d70ac965
  Toast: 91b396c56ee72a5790816f40d3a94dd357abc196
  "UIAlertController+Blocks": 80e28b92523fb58aba4d1bccec013d5a0b0bddb2
  "UIButton+BackgroundColor": 86e9b059712698911b504fc1ab1d235627e28aed
  "UIColor+Hex": 9fee91bb8e19f17dd40a79ae1e98949a6a84489d

PODFILE CHECKSUM: 4f3e195b0decded7ed2ff1698fdbe3e554eac14c

COCOAPODS: 1.7.2
